// !$*UTF8*$!
{
	archiveVersion = 1;
	classes = {
	};
	objectVersion = 50;
	objects = {

/* Begin PBXBuildFile section */
		F460B4F523968FBA00B5DCF2 /* AppDelegate.swift in Sources */ = {isa = PBXBuildFile; fileRef = F460B4F423968FBA00B5DCF2 /* AppDelegate.swift */; };
		F460B4F723968FBA00B5DCF2 /* SceneDelegate.swift in Sources */ = {isa = PBXBuildFile; fileRef = F460B4F623968FBA00B5DCF2 /* SceneDelegate.swift */; };
		F460B4F923968FBA00B5DCF2 /* ViewController.swift in Sources */ = {isa = PBXBuildFile; fileRef = F460B4F823968FBA00B5DCF2 /* ViewController.swift */; };
		F460B4FC23968FBA00B5DCF2 /* Main.storyboard in Resources */ = {isa = PBXBuildFile; fileRef = F460B4FA23968FBA00B5DCF2 /* Main.storyboard */; };
		F460B4FE23968FBD00B5DCF2 /* Assets.xcassets in Resources */ = {isa = PBXBuildFile; fileRef = F460B4FD23968FBD00B5DCF2 /* Assets.xcassets */; };
		F460B50123968FBD00B5DCF2 /* LaunchScreen.storyboard in Resources */ = {isa = PBXBuildFile; fileRef = F460B4FF23968FBD00B5DCF2 /* LaunchScreen.storyboard */; };
		F460B50923968FEB00B5DCF2 /* SecondViewController.swift in Sources */ = {isa = PBXBuildFile; fileRef = F460B50823968FEB00B5DCF2 /* SecondViewController.swift */; };
/* End PBXBuildFile section */

/* Begin PBXFileReference section */
		F460B4F123968FBA00B5DCF2 /* Homework_12.03.app */ = {isa = PBXFileReference; explicitFileType = wrapper.application; includeInIndex = 0; path = Homework_12.03.app; sourceTree = BUILT_PRODUCTS_DIR; };
		F460B4F423968FBA00B5DCF2 /* AppDelegate.swift */ = {isa = PBXFileReference; lastKnownFileType = sourcecode.swift; path = AppDelegate.swift; sourceTree = "<group>"; };
		F460B4F623968FBA00B5DCF2 /* SceneDelegate.swift */ = {isa = PBXFileReference; lastKnownFileType = sourcecode.swift; path = SceneDelegate.swift; sourceTree = "<group>"; };
		F460B4F823968FBA00B5DCF2 /* ViewController.swift */ = {isa = PBXFileReference; lastKnownFileType = sourcecode.swift; path = ViewController.swift; sourceTree = "<group>"; };
		F460B4FB23968FBA00B5DCF2 /* Base */ = {isa = PBXFileReference; lastKnownFileType = file.storyboard; name = Base; path = Base.lproj/Main.storyboard; sourceTree = "<group>"; };
		F460B4FD23968FBD00B5DCF2 /* Assets.xcassets */ = {isa = PBXFileReference; lastKnownFileType = folder.assetcatalog; path = Assets.xcassets; sourceTree = "<group>"; };
		F460B50023968FBD00B5DCF2 /* Base */ = {isa = PBXFileReference; lastKnownFileType = file.storyboard; name = Base; path = Base.lproj/LaunchScreen.storyboard; sourceTree = "<group>"; };
		F460B50223968FBD00B5DCF2 /* Info.plist */ = {isa = PBXFileReference; lastKnownFileType = text.plist.xml; path = Info.plist; sourceTree = "<group>"; };
		F460B50823968FEB00B5DCF2 /* SecondViewController.swift */ = {isa = PBXFileReference; lastKnownFileType = sourcecode.swift; path = SecondViewController.swift; sourceTree = "<group>"; };
/* End PBXFileReference section */

/* Begin PBXFrameworksBuildPhase section */
		F460B4EE23968FBA00B5DCF2 /* Frameworks */ = {
			isa = PBXFrameworksBuildPhase;
			buildActionMask = 2147483647;
			files = (
			);
			runOnlyForDeploymentPostprocessing = 0;
		};
/* End PBXFrameworksBuildPhase section */

/* Begin PBXGroup section */
		F460B4E823968FBA00B5DCF2 = {
			isa = PBXGroup;
			children = (
				F460B4F323968FBA00B5DCF2 /* Homework_12.03 */,
				F460B4F223968FBA00B5DCF2 /* Products */,
			);
			sourceTree = "<group>";
		};
		F460B4F223968FBA00B5DCF2 /* Products */ = {
			isa = PBXGroup;
			children = (
				F460B4F123968FBA00B5DCF2 /* Homework_12.03.app */,
			);
			name = Products;
			sourceTree = "<group>";
		};
		F460B4F323968FBA00B5DCF2 /* Homework_12.03 */ = {
			isa = PBXGroup;
			children = (
				F460B4F423968FBA00B5DCF2 /* AppDelegate.swift */,
				F460B4F623968FBA00B5DCF2 /* SceneDelegate.swift */,
				F460B4F823968FBA00B5DCF2 /* ViewController.swift */,
				F460B4FA23968FBA00B5DCF2 /* Main.storyboard */,
				F460B4FD23968FBD00B5DCF2 /* Assets.xcassets */,
				F460B4FF23968FBD00B5DCF2 /* LaunchScreen.storyboard */,
				F460B50223968FBD00B5DCF2 /* Info.plist */,
				F460B50823968FEB00B5DCF2 /* SecondViewController.swift */,
			);
			path = Homework_12.03;
			sourceTree = "<group>";
		};
/* End PBXGroup section */

/* Begin PBXNativeTarget section */
		F460B4F023968FBA00B5DCF2 /* Homework_12.03 */ = {
			isa = PBXNativeTarget;
			buildConfigurationList = F460B50523968FBD00B5DCF2 /* Build configuration list for PBXNativeTarget "Homework_12.03" */;
			buildPhases = (
				F460B4ED23968FBA00B5DCF2 /* Sources */,
				F460B4EE23968FBA00B5DCF2 /* Frameworks */,
				F460B4EF23968FBA00B5DCF2 /* Resources */,
			);
			buildRules = (
			);
			dependencies = (
			);
			name = Homework_12.03;
			productName = Homework_12.03;
			productReference = F460B4F123968FBA00B5DCF2 /* Homework_12.03.app */;
			productType = "com.apple.product-type.application";
		};
/* End PBXNativeTarget section */

/* Begin PBXProject section */
		F460B4E923968FBA00B5DCF2 /* Project object */ = {
			isa = PBXProject;
			attributes = {
				LastSwiftUpdateCheck = 1120;
				LastUpgradeCheck = 1120;
				ORGANIZATIONNAME = sandMan;
				TargetAttributes = {
					F460B4F023968FBA00B5DCF2 = {
						CreatedOnToolsVersion = 11.2.1;
					};
				};
			};
			buildConfigurationList = F460B4EC23968FBA00B5DCF2 /* Build configuration list for PBXProject "Homework_12.03" */;
			compatibilityVersion = "Xcode 9.3";
			developmentRegion = en;
			hasScannedForEncodings = 0;
			knownRegions = (
				en,
				Base,
			);
			mainGroup = F460B4E823968FBA00B5DCF2;
			productRefGroup = F460B4F223968FBA00B5DCF2 /* Products */;
			projectDirPath = "";
			projectRoot = "";
			targets = (
				F460B4F023968FBA00B5DCF2 /* Homework_12.03 */,
			);
		};
/* End PBXProject section */

/* Begin PBXResourcesBuildPhase section */
		F460B4EF23968FBA00B5DCF2 /* Resources */ = {
			isa = PBXResourcesBuildPhase;
			buildActionMask = 2147483647;
			files = (
				F460B50123968FBD00B5DCF2 /* LaunchScreen.storyboard in Resources */,
				F460B4FE23968FBD00B5DCF2 /* Assets.xcassets in Resources */,
				F460B4FC23968FBA00B5DCF2 /* Main.storyboard in Resources */,
			);
			runOnlyForDeploymentPostprocessing = 0;
		};
/* End PBXResourcesBuildPhase section */

/* Begin PBXSourcesBuildPhase section */
		F460B4ED23968FBA00B5DCF2 /* Sources */ = {
			isa = PBXSourcesBuildPhase;
			buildActionMask = 2147483647;
			files = (
				F460B50923968FEB00B5DCF2 /* SecondViewController.swift in Sources */,
				F460B4F923968FBA00B5DCF2 /* ViewController.swift in Sources */,
				F460B4F523968FBA00B5DCF2 /* AppDelegate.swift in Sources */,
				F460B4F723968FBA00B5DCF2 /* SceneDelegate.swift in Sources */,
			);
			runOnlyForDeploymentPostprocessing = 0;
		};
/* End PBXSourcesBuildPhase section */

/* Begin PBXVariantGroup section */
		F460B4FA23968FBA00B5DCF2 /* Main.storyboard */ = {
			isa = PBXVariantGroup;
			children = (
				F460B4FB23968FBA00B5DCF2 /* Base */,
			);
			name = Main.storyboard;
			sourceTree = "<group>";
		};
		F460B4FF23968FBD00B5DCF2 /* LaunchScreen.storyboard */ = {
			isa = PBXVariantGroup;
			children = (
				F460B50023968FBD00B5DCF2 /* Base */,
			);
			name = LaunchScreen.storyboard;
			sourceTree = "<group>";
		};
/* End PBXVariantGroup section */

/* Begin XCBuildConfiguration section */
		F460B50323968FBD00B5DCF2 /* Debug */ = {
			isa = XCBuildConfiguration;
			buildSettings = {
				ALWAYS_SEARCH_USER_PATHS = NO;
				CLANG_ANALYZER_NONNULL = YES;
				CLANG_ANALYZER_NUMBER_OBJECT_CONVERSION = YES_AGGRESSIVE;
				CLANG_CXX_LANGUAGE_STANDARD = "gnu++14";
				CLANG_CXX_LIBRARY = "libc++";
				CLANG_ENABLE_MODULES = YES;
				CLANG_ENABLE_OBJC_ARC = YES;
				CLANG_ENABLE_OBJC_WEAK = YES;
				CLANG_WARN_BLOCK_CAPTURE_AUTORELEASING = YES;
				CLANG_WARN_BOOL_CONVERSION = YES;
				CLANG_WARN_COMMA = YES;
				CLANG_WARN_CONSTANT_CONVERSION = YES;
				CLANG_WARN_DEPRECATED_OBJC_IMPLEMENTATIONS = YES;
				CLANG_WARN_DIRECT_OBJC_ISA_USAGE = YES_ERROR;
				CLANG_WARN_DOCUMENTATION_COMMENTS = YES;
				CLANG_WARN_EMPTY_BODY = YES;
				CLANG_WARN_ENUM_CONVERSION = YES;
				CLANG_WARN_INFINITE_RECURSION = YES;
				CLANG_WARN_INT_CONVERSION = YES;
				CLANG_WARN_NON_LITERAL_NULL_CONVERSION = YES;
				CLANG_WARN_OBJC_IMPLICIT_RETAIN_SELF = YES;
				CLANG_WARN_OBJC_LITERAL_CONVERSION = YES;
				CLANG_WARN_OBJC_ROOT_CLASS = YES_ERROR;
				CLANG_WARN_RANGE_LOOP_ANALYSIS = YES;
				CLANG_WARN_STRICT_PROTOTYPES = YES;
				CLANG_WARN_SUSPICIOUS_MOVE = YES;
				CLANG_WARN_UNGUARDED_AVAILABILITY = YES_AGGRESSIVE;
				CLANG_WARN_UNREACHABLE_CODE = YES;
				CLANG_WARN__DUPLICATE_METHOD_MATCH = YES;
				COPY_PHASE_STRIP = NO;
				DEBUG_INFORMATION_FORMAT = dwarf;
				ENABLE_STRICT_OBJC_MSGSEND = YES;
				ENABLE_TESTABILITY = YES;
				GCC_C_LANGUAGE_STANDARD = gnu11;
				GCC_DYNAMIC_NO_PIC = NO;
				GCC_NO_COMMON_BLOCKS = YES;
				GCC_OPTIMIZATION_LEVEL = 0;
				GCC_PREPROCESSOR_DEFINITIONS = (
					"DEBUG=1",
					"$(inherited)",
				);
				GCC_WARN_64_TO_32_BIT_CONVERSION = YES;
				GCC_WARN_ABOUT_RETURN_TYPE = YES_ERROR;
				GCC_WARN_UNDECLARED_SELECTOR = YES;
				GCC_WARN_UNINITIALIZED_AUTOS = YES_AGGRESSIVE;
				GCC_WARN_UNUSED_FUNCTION = YES;
				GCC_WARN_UNUSED_VARIABLE = YES;
				IPHONEOS_DEPLOYMENT_TARGET = 13.2;
				MTL_ENABLE_DEBUG_INFO = INCLUDE_SOURCE;
				MTL_FAST_MATH = YES;
				ONLY_ACTIVE_ARCH = YES;
				SDKROOT = iphoneos;
				SWIFT_ACTIVE_COMPILATION_CONDITIONS = DEBUG;
				SWIFT_OPTIMIZATION_LEVEL = "-Onone";
			};
			name = Debug;
		};
		F460B50423968FBD00B5DCF2 /* Release */ = {
			isa = XCBuildConfiguration;
			buildSettings = {
				ALWAYS_SEARCH_USER_PATHS = NO;
				CLANG_ANALYZER_NONNULL = YES;
				CLANG_ANALYZER_NUMBER_OBJECT_CONVERSION = YES_AGGRESSIVE;
				CLANG_CXX_LANGUAGE_STANDARD = "gnu++14";
				CLANG_CXX_LIBRARY = "libc++";
				CLANG_ENABLE_MODULES = YES;
				CLANG_ENABLE_OBJC_ARC = YES;
				CLANG_ENABLE_OBJC_WEAK = YES;
				CLANG_WARN_BLOCK_CAPTURE_AUTORELEASING = YES;
				CLANG_WARN_BOOL_CONVERSION = YES;
				CLANG_WARN_COMMA = YES;
				CLANG_WARN_CONSTANT_CONVERSION = YES;
				CLANG_WARN_DEPRECATED_OBJC_IMPLEMENTATIONS = YES;
				CLANG_WARN_DIRECT_OBJC_ISA_USAGE = YES_ERROR;
				CLANG_WARN_DOCUMENTATION_COMMENTS = YES;
				CLANG_WARN_EMPTY_BODY = YES;
				CLANG_WARN_ENUM_CONVERSION = YES;
				CLANG_WARN_INFINITE_RECURSION = YES;
				CLANG_WARN_INT_CONVERSION = YES;
				CLANG_WARN_NON_LITERAL_NULL_CONVERSION = YES;
				CLANG_WARN_OBJC_IMPLICIT_RETAIN_SELF = YES;
				CLANG_WARN_OBJC_LITERAL_CONVERSION = YES;
				CLANG_WARN_OBJC_ROOT_CLASS = YES_ERROR;
				CLANG_WARN_RANGE_LOOP_ANALYSIS = YES;
				CLANG_WARN_STRICT_PROTOTYPES = YES;
				CLANG_WARN_SUSPICIOUS_MOVE = YES;
				CLANG_WARN_UNGUARDED_AVAILABILITY = YES_AGGRESSIVE;
				CLANG_WARN_UNREACHABLE_CODE = YES;
				CLANG_WARN__DUPLICATE_METHOD_MATCH = YES;
				COPY_PHASE_STRIP = NO;
				DEBUG_INFORMATION_FORMAT = "dwarf-with-dsym";
				ENABLE_NS_ASSERTIONS = NO;
				ENABLE_STRICT_OBJC_MSGSEND = YES;
				GCC_C_LANGUAGE_STANDARD = gnu11;
				GCC_NO_COMMON_BLOCKS = YES;
				GCC_WARN_64_TO_32_BIT_CONVERSION = YES;
				GCC_WARN_ABOUT_RETURN_TYPE = YES_ERROR;
				GCC_WARN_UNDECLARED_SELECTOR = YES;
				GCC_WARN_UNINITIALIZED_AUTOS = YES_AGGRESSIVE;
				GCC_WARN_UNUSED_FUNCTION = YES;
				GCC_WARN_UNUSED_VARIABLE = YES;
				IPHONEOS_DEPLOYMENT_TARGET = 13.2;
				MTL_ENABLE_DEBUG_INFO = NO;
				MTL_FAST_MATH = YES;
				SDKROOT = iphoneos;
				SWIFT_COMPILATION_MODE = wholemodule;
				SWIFT_OPTIMIZATION_LEVEL = "-O";
				VALIDATE_PRODUCT = YES;
			};
			name = Release;
		};
		F460B50623968FBD00B5DCF2 /* Debug */ = {
			isa = XCBuildConfiguration;
			buildSettings = {
				ASSETCATALOG_COMPILER_APPICON_NAME = AppIcon;
				CODE_SIGN_STYLE = Automatic;
				DEVELOPMENT_TEAM = 829U6KT6TF;
				INFOPLIST_FILE = Homework_12.03/Info.plist;
				IPHONEOS_DEPLOYMENT_TARGET = 13.0;
				LD_RUNPATH_SEARCH_PATHS = (
					"$(inherited)",
					"@executable_path/Frameworks",
				);
				PRODUCT_BUNDLE_IDENTIFIER = "kr.sandMan.swift.Homework-12-03";
				PRODUCT_NAME = "$(TARGET_NAME)";
				SWIFT_VERSION = 5.0;
				TARGETED_DEVICE_FAMILY = "1,2";
			};
			name = Debug;
		};
		F460B50723968FBD00B5DCF2 /* Release */ = {
			isa = XCBuildConfiguration;
			buildSettings = {
				ASSETCATALOG_COMPILER_APPICON_NAME = AppIcon;
				CODE_SIGN_STYLE = Automatic;
				DEVELOPMENT_TEAM = 829U6KT6TF;
				INFOPLIST_FILE = Homework_12.03/Info.plist;
				IPHONEOS_DEPLOYMENT_TARGET = 13.0;
				LD_RUNPATH_SEARCH_PATHS = (
					"$(inherited)",
					"@executable_path/Frameworks",
				);
				PRODUCT_BUNDLE_IDENTIFIER = "kr.sandMan.swift.Homework-12-03";
				PRODUCT_NAME = "$(TARGET_NAME)";
				SWIFT_VERSION = 5.0;
				TARGETED_DEVICE_FAMILY = "1,2";
			};
			name = Release;
		};
/* End XCBuildConfiguration section */

/* Begin XCConfigurationList section */
		F460B4EC23968FBA00B5DCF2 /* Build configuration list for PBXProject "Homework_12.03" */ = {
			isa = XCConfigurationList;
			buildConfigurations = (
				F460B50323968FBD00B5DCF2 /* Debug */,
				F460B50423968FBD00B5DCF2 /* Release */,
			);
			defaultConfigurationIsVisible = 0;
			defaultConfigurationName = Release;
		};
		F460B50523968FBD00B5DCF2 /* Build configuration list for PBXNativeTarget "Homework_12.03" */ = {
			isa = XCConfigurationList;
			buildConfigurations = (
				F460B50623968FBD00B5DCF2 /* Debug */,
				F460B50723968FBD00B5DCF2 /* Release */,
			);
			defaultConfigurationIsVisible = 0;
			defaultConfigurationName = Release;
		};
/* End XCConfigurationList section */
	};
	rootObject = F460B4E923968FBA00B5DCF2 /* Project object */;
}
